// !$*UTF8*$!
{
	archiveVersion = 1;
	classes = {
	};
	objectVersion = 55;
	objects = {

/* Begin PBXBuildFile section */
		877329EF8751B2CABE962D2A /* Pods_TestOnlineRestaurant.framework in Frameworks */ = {isa = PBXBuildFile; fileRef = 4EDC63BEA69C685BDFF0ADA6 /* Pods_TestOnlineRestaurant.framework */; };
		C6274C102A57DD050069ADA4 /* HomePageAssets.xcassets in Resources */ = {isa = PBXBuildFile; fileRef = C6274C0F2A57DD050069ADA4 /* HomePageAssets.xcassets */; };
		C6274C152A5840980069ADA4 /* DetailPopUpViewFactory.swift in Sources */ = {isa = PBXBuildFile; fileRef = C6274C142A5840980069ADA4 /* DetailPopUpViewFactory.swift */; };
		C6274C182A5840B40069ADA4 /* PopUpView.swift in Sources */ = {isa = PBXBuildFile; fileRef = C6274C172A5840B40069ADA4 /* PopUpView.swift */; };
		C6274C1B2A587AC90069ADA4 /* DetailPageAssets.xcassets in Resources */ = {isa = PBXBuildFile; fileRef = C6274C1A2A587AC90069ADA4 /* DetailPageAssets.xcassets */; };
		C6274C1E2A59712D0069ADA4 /* BagPageTableViewCell.swift in Sources */ = {isa = PBXBuildFile; fileRef = C6274C1D2A59712D0069ADA4 /* BagPageTableViewCell.swift */; };
		C6274C202A597DCB0069ADA4 /* BagPageAssets.xcassets in Resources */ = {isa = PBXBuildFile; fileRef = C6274C1F2A597DCB0069ADA4 /* BagPageAssets.xcassets */; };
		C6274C262A5AA5B30069ADA4 /* OrderModel.xcdatamodeld in Sources */ = {isa = PBXBuildFile; fileRef = C6274C242A5AA5B30069ADA4 /* OrderModel.xcdatamodeld */; };
		C6274C2E2A5AA85A0069ADA4 /* OrderModelEntity+CoreDataClass.swift in Sources */ = {isa = PBXBuildFile; fileRef = C6274C2C2A5AA85A0069ADA4 /* OrderModelEntity+CoreDataClass.swift */; };
		C6274C2F2A5AA85A0069ADA4 /* OrderModelEntity+CoreDataProperties.swift in Sources */ = {isa = PBXBuildFile; fileRef = C6274C2D2A5AA85A0069ADA4 /* OrderModelEntity+CoreDataProperties.swift */; };
		C6274C312A5AA8770069ADA4 /* DataBaseManager.swift in Sources */ = {isa = PBXBuildFile; fileRef = C6274C302A5AA8770069ADA4 /* DataBaseManager.swift */; };
		C6274C342A5AABE90069ADA4 /* MoveToBagManager.swift in Sources */ = {isa = PBXBuildFile; fileRef = C6274C332A5AABE90069ADA4 /* MoveToBagManager.swift */; };
		C648000F2A7D5C030085ADFA /* UICollectionView + extensions.swift in Sources */ = {isa = PBXBuildFile; fileRef = C648000E2A7D5C030085ADFA /* UICollectionView + extensions.swift */; };
		C64800112A7D5C190085ADFA /* UITableView + extensions.swift in Sources */ = {isa = PBXBuildFile; fileRef = C64800102A7D5C190085ADFA /* UITableView + extensions.swift */; };
		C67BB89C2A63EA5900D4D60F /* UIApplication + extensions.swift in Sources */ = {isa = PBXBuildFile; fileRef = C67BB89B2A63EA5900D4D60F /* UIApplication + extensions.swift */; };
		C67BB8AF2A65A6D400D4D60F /* HomePageViewModel.swift in Sources */ = {isa = PBXBuildFile; fileRef = C67BB8AE2A65A6D400D4D60F /* HomePageViewModel.swift */; };
		C67BB8B22A65A71500D4D60F /* MenuViewModel.swift in Sources */ = {isa = PBXBuildFile; fileRef = C67BB8B12A65A71500D4D60F /* MenuViewModel.swift */; };
		C67BB8B52A65A81200D4D60F /* BagPageViewModel.swift in Sources */ = {isa = PBXBuildFile; fileRef = C67BB8B42A65A81200D4D60F /* BagPageViewModel.swift */; };
		C67BB8BA2A66ECAD00D4D60F /* CollectionViewSectionType.swift in Sources */ = {isa = PBXBuildFile; fileRef = C67BB8B92A66ECAD00D4D60F /* CollectionViewSectionType.swift */; };
		C67BB8BC2A66EDC200D4D60F /* ListOfCategories.swift in Sources */ = {isa = PBXBuildFile; fileRef = C67BB8BB2A66EDC200D4D60F /* ListOfCategories.swift */; };
		C67BB8BE2A67D23600D4D60F /* CategoriesCollectionViewCell.swift in Sources */ = {isa = PBXBuildFile; fileRef = C67BB8BD2A67D23600D4D60F /* CategoriesCollectionViewCell.swift */; };
		C67BB8C02A69283E00D4D60F /* CategoriesViewModel.swift in Sources */ = {isa = PBXBuildFile; fileRef = C67BB8BF2A69283E00D4D60F /* CategoriesViewModel.swift */; };
		C6DA74A32A4B452D004F62D1 /* AppDelegate.swift in Sources */ = {isa = PBXBuildFile; fileRef = C6DA74A22A4B452D004F62D1 /* AppDelegate.swift */; };
		C6DA74A52A4B452D004F62D1 /* SceneDelegate.swift in Sources */ = {isa = PBXBuildFile; fileRef = C6DA74A42A4B452D004F62D1 /* SceneDelegate.swift */; };
		C6DA74A72A4B452D004F62D1 /* HomePageViewController.swift in Sources */ = {isa = PBXBuildFile; fileRef = C6DA74A62A4B452D004F62D1 /* HomePageViewController.swift */; };
		C6DA74AC2A4B452E004F62D1 /* AppAssets.xcassets in Resources */ = {isa = PBXBuildFile; fileRef = C6DA74AB2A4B452E004F62D1 /* AppAssets.xcassets */; };
		C6DA74AF2A4B452E004F62D1 /* LaunchScreen.storyboard in Resources */ = {isa = PBXBuildFile; fileRef = C6DA74AD2A4B452E004F62D1 /* LaunchScreen.storyboard */; };
		C6DA74B92A4B4712004F62D1 /* TabBarController.swift in Sources */ = {isa = PBXBuildFile; fileRef = C6DA74B82A4B4712004F62D1 /* TabBarController.swift */; };
		C6DA74BC2A4B47BE004F62D1 /* AppCoordinator.swift in Sources */ = {isa = PBXBuildFile; fileRef = C6DA74BB2A4B47BE004F62D1 /* AppCoordinator.swift */; };
		C6DA74BF2A4B47E5004F62D1 /* Coordinator.swift in Sources */ = {isa = PBXBuildFile; fileRef = C6DA74BE2A4B47E5004F62D1 /* Coordinator.swift */; };
		C6DA74C42A4B4ABA004F62D1 /* HomePageCoordinator.swift in Sources */ = {isa = PBXBuildFile; fileRef = C6DA74C32A4B4ABA004F62D1 /* HomePageCoordinator.swift */; };
		C6DA74C62A4B4AC7004F62D1 /* HomePageViewFactory.swift in Sources */ = {isa = PBXBuildFile; fileRef = C6DA74C52A4B4AC7004F62D1 /* HomePageViewFactory.swift */; };
		C6DA74C82A4B5BF8004F62D1 /* HomePageTableViewCell.swift in Sources */ = {isa = PBXBuildFile; fileRef = C6DA74C72A4B5BF8004F62D1 /* HomePageTableViewCell.swift */; };
		C6DA74D72A4B6727004F62D1 /* SFPRODISPLAYMEDIUM.OTF in Resources */ = {isa = PBXBuildFile; fileRef = C6DA74CE2A4B6726004F62D1 /* SFPRODISPLAYMEDIUM.OTF */; };
		C6DA74D82A4B6727004F62D1 /* SFPRODISPLAYREGULAR.OTF in Resources */ = {isa = PBXBuildFile; fileRef = C6DA74CF2A4B6726004F62D1 /* SFPRODISPLAYREGULAR.OTF */; };
		C6DA74DA2A4B6727004F62D1 /* SFPRODISPLAYBOLD.OTF in Resources */ = {isa = PBXBuildFile; fileRef = C6DA74D12A4B6726004F62D1 /* SFPRODISPLAYBOLD.OTF */; };
		C6DA74E32A4C114B004F62D1 /* SearchPageCoordinator.swift in Sources */ = {isa = PBXBuildFile; fileRef = C6DA74E22A4C114B004F62D1 /* SearchPageCoordinator.swift */; };
		C6DA74E52A4C1161004F62D1 /* SearchPageViewFactory.swift in Sources */ = {isa = PBXBuildFile; fileRef = C6DA74E42A4C1161004F62D1 /* SearchPageViewFactory.swift */; };
		C6DA74E72A4C1175004F62D1 /* SearchPageViewController.swift in Sources */ = {isa = PBXBuildFile; fileRef = C6DA74E62A4C1175004F62D1 /* SearchPageViewController.swift */; };
		C6DA74EA2A4C1784004F62D1 /* BagPageCoordinator.swift in Sources */ = {isa = PBXBuildFile; fileRef = C6DA74E92A4C1784004F62D1 /* BagPageCoordinator.swift */; };
		C6DA74EC2A4C178E004F62D1 /* BagPageViewFactory.swift in Sources */ = {isa = PBXBuildFile; fileRef = C6DA74EB2A4C178E004F62D1 /* BagPageViewFactory.swift */; };
		C6DA74EF2A4C17A1004F62D1 /* BagPageViewController.swift in Sources */ = {isa = PBXBuildFile; fileRef = C6DA74EE2A4C17A1004F62D1 /* BagPageViewController.swift */; };
		C6DA74F22A4C1977004F62D1 /* AccountPageCoordinator.swift in Sources */ = {isa = PBXBuildFile; fileRef = C6DA74F12A4C1977004F62D1 /* AccountPageCoordinator.swift */; };
		C6DA74F42A4C1985004F62D1 /* AccountPageViewFactory.swift in Sources */ = {isa = PBXBuildFile; fileRef = C6DA74F32A4C1985004F62D1 /* AccountPageViewFactory.swift */; };
		C6DA74F72A4C1994004F62D1 /* AccountPageViewController.swift in Sources */ = {isa = PBXBuildFile; fileRef = C6DA74F62A4C1994004F62D1 /* AccountPageViewController.swift */; };
		C6DA74FA2A4C1BB3004F62D1 /* UIColor + extensions.swift in Sources */ = {isa = PBXBuildFile; fileRef = C6DA74F92A4C1BB3004F62D1 /* UIColor + extensions.swift */; };
		C6DA74FD2A4C1E91004F62D1 /* NetworkLayer.swift in Sources */ = {isa = PBXBuildFile; fileRef = C6DA74FC2A4C1E91004F62D1 /* NetworkLayer.swift */; };
		C6DA74FF2A4C1EA2004F62D1 /* NetworkEndpoints.swift in Sources */ = {isa = PBXBuildFile; fileRef = C6DA74FE2A4C1EA2004F62D1 /* NetworkEndpoints.swift */; };
		C6DA75012A4C1EB6004F62D1 /* NetworkErrorTypes.swift in Sources */ = {isa = PBXBuildFile; fileRef = C6DA75002A4C1EB6004F62D1 /* NetworkErrorTypes.swift */; };
		C6DA75042A4C23CB004F62D1 /* FoodCategoriesModel.swift in Sources */ = {isa = PBXBuildFile; fileRef = C6DA75032A4C23CB004F62D1 /* FoodCategoriesModel.swift */; };
		C6DA75062A4C23D3004F62D1 /* DishesModel.swift in Sources */ = {isa = PBXBuildFile; fileRef = C6DA75052A4C23D3004F62D1 /* DishesModel.swift */; };
		C6DA75092A4C2728004F62D1 /* ServiceFactory.swift in Sources */ = {isa = PBXBuildFile; fileRef = C6DA75082A4C2728004F62D1 /* ServiceFactory.swift */; };
		C6DA750B2A4C2A24004F62D1 /* UIViewController + extensions.swift in Sources */ = {isa = PBXBuildFile; fileRef = C6DA750A2A4C2A24004F62D1 /* UIViewController + extensions.swift */; };
		C6DA75102A4C5AC0004F62D1 /* MenuPageViewController.swift in Sources */ = {isa = PBXBuildFile; fileRef = C6DA750F2A4C5AC0004F62D1 /* MenuPageViewController.swift */; };
		C6DA75122A4C66E0004F62D1 /* MenuCollectionViewCell.swift in Sources */ = {isa = PBXBuildFile; fileRef = C6DA75112A4C66E0004F62D1 /* MenuCollectionViewCell.swift */; };
		C6DAD9332A4D930F00B2B4FE /* NavigationBarAssets.xcassets in Resources */ = {isa = PBXBuildFile; fileRef = C6DAD9322A4D930F00B2B4FE /* NavigationBarAssets.xcassets */; };
		C6DAD9392A56DA5600B2B4FE /* BaseNavigationBar.swift in Sources */ = {isa = PBXBuildFile; fileRef = C6DAD9382A56DA5600B2B4FE /* BaseNavigationBar.swift */; };
		C6FDB67F2A4C7782002EDFA3 /* MenuPageViewFactory.swift in Sources */ = {isa = PBXBuildFile; fileRef = C6FDB67E2A4C7782002EDFA3 /* MenuPageViewFactory.swift */; };
		C6FDB6832A4D4C41002EDFA3 /* UIFont + extensions.swift in Sources */ = {isa = PBXBuildFile; fileRef = C6FDB6822A4D4C41002EDFA3 /* UIFont + extensions.swift */; };
/* End PBXBuildFile section */

/* Begin PBXFileReference section */
		4EDC63BEA69C685BDFF0ADA6 /* Pods_TestOnlineRestaurant.framework */ = {isa = PBXFileReference; explicitFileType = wrapper.framework; includeInIndex = 0; path = Pods_TestOnlineRestaurant.framework; sourceTree = BUILT_PRODUCTS_DIR; };
		959F60D7543FBFD2407C0674 /* Pods-TestOnlineRestaurant.debug.xcconfig */ = {isa = PBXFileReference; includeInIndex = 1; lastKnownFileType = text.xcconfig; name = "Pods-TestOnlineRestaurant.debug.xcconfig"; path = "Target Support Files/Pods-TestOnlineRestaurant/Pods-TestOnlineRestaurant.debug.xcconfig"; sourceTree = "<group>"; };
		C6274C0F2A57DD050069ADA4 /* HomePageAssets.xcassets */ = {isa = PBXFileReference; lastKnownFileType = folder.assetcatalog; path = HomePageAssets.xcassets; sourceTree = "<group>"; };
		C6274C142A5840980069ADA4 /* DetailPopUpViewFactory.swift */ = {isa = PBXFileReference; lastKnownFileType = sourcecode.swift; path = DetailPopUpViewFactory.swift; sourceTree = "<group>"; };
		C6274C172A5840B40069ADA4 /* PopUpView.swift */ = {isa = PBXFileReference; lastKnownFileType = sourcecode.swift; path = PopUpView.swift; sourceTree = "<group>"; };
		C6274C1A2A587AC90069ADA4 /* DetailPageAssets.xcassets */ = {isa = PBXFileReference; lastKnownFileType = folder.assetcatalog; path = DetailPageAssets.xcassets; sourceTree = "<group>"; };
		C6274C1D2A59712D0069ADA4 /* BagPageTableViewCell.swift */ = {isa = PBXFileReference; lastKnownFileType = sourcecode.swift; path = BagPageTableViewCell.swift; sourceTree = "<group>"; };
		C6274C1F2A597DCB0069ADA4 /* BagPageAssets.xcassets */ = {isa = PBXFileReference; lastKnownFileType = folder.assetcatalog; path = BagPageAssets.xcassets; sourceTree = "<group>"; };
		C6274C252A5AA5B30069ADA4 /* OrderModel.xcdatamodel */ = {isa = PBXFileReference; lastKnownFileType = wrapper.xcdatamodel; path = OrderModel.xcdatamodel; sourceTree = "<group>"; };
		C6274C2C2A5AA85A0069ADA4 /* OrderModelEntity+CoreDataClass.swift */ = {isa = PBXFileReference; lastKnownFileType = sourcecode.swift; path = "OrderModelEntity+CoreDataClass.swift"; sourceTree = SOURCE_ROOT; };
		C6274C2D2A5AA85A0069ADA4 /* OrderModelEntity+CoreDataProperties.swift */ = {isa = PBXFileReference; lastKnownFileType = sourcecode.swift; path = "OrderModelEntity+CoreDataProperties.swift"; sourceTree = SOURCE_ROOT; };
		C6274C302A5AA8770069ADA4 /* DataBaseManager.swift */ = {isa = PBXFileReference; lastKnownFileType = sourcecode.swift; path = DataBaseManager.swift; sourceTree = "<group>"; };
		C6274C332A5AABE90069ADA4 /* MoveToBagManager.swift */ = {isa = PBXFileReference; lastKnownFileType = sourcecode.swift; path = MoveToBagManager.swift; sourceTree = "<group>"; };
		C648000E2A7D5C030085ADFA /* UICollectionView + extensions.swift */ = {isa = PBXFileReference; lastKnownFileType = sourcecode.swift; path = "UICollectionView + extensions.swift"; sourceTree = "<group>"; };
		C64800102A7D5C190085ADFA /* UITableView + extensions.swift */ = {isa = PBXFileReference; lastKnownFileType = sourcecode.swift; path = "UITableView + extensions.swift"; sourceTree = "<group>"; };
		C67BB89B2A63EA5900D4D60F /* UIApplication + extensions.swift */ = {isa = PBXFileReference; lastKnownFileType = sourcecode.swift; path = "UIApplication + extensions.swift"; sourceTree = "<group>"; };
		C67BB8AE2A65A6D400D4D60F /* HomePageViewModel.swift */ = {isa = PBXFileReference; lastKnownFileType = sourcecode.swift; path = HomePageViewModel.swift; sourceTree = "<group>"; };
		C67BB8B12A65A71500D4D60F /* MenuViewModel.swift */ = {isa = PBXFileReference; lastKnownFileType = sourcecode.swift; path = MenuViewModel.swift; sourceTree = "<group>"; };
		C67BB8B42A65A81200D4D60F /* BagPageViewModel.swift */ = {isa = PBXFileReference; lastKnownFileType = sourcecode.swift; path = BagPageViewModel.swift; sourceTree = "<group>"; };
		C67BB8B92A66ECAD00D4D60F /* CollectionViewSectionType.swift */ = {isa = PBXFileReference; lastKnownFileType = sourcecode.swift; path = CollectionViewSectionType.swift; sourceTree = "<group>"; };
		C67BB8BB2A66EDC200D4D60F /* ListOfCategories.swift */ = {isa = PBXFileReference; lastKnownFileType = sourcecode.swift; path = ListOfCategories.swift; sourceTree = "<group>"; };
		C67BB8BD2A67D23600D4D60F /* CategoriesCollectionViewCell.swift */ = {isa = PBXFileReference; lastKnownFileType = sourcecode.swift; path = CategoriesCollectionViewCell.swift; sourceTree = "<group>"; };
		C67BB8BF2A69283E00D4D60F /* CategoriesViewModel.swift */ = {isa = PBXFileReference; lastKnownFileType = sourcecode.swift; path = CategoriesViewModel.swift; sourceTree = "<group>"; };
		C6DA749F2A4B452D004F62D1 /* TestOnlineRestaurant.app */ = {isa = PBXFileReference; explicitFileType = wrapper.application; includeInIndex = 0; path = TestOnlineRestaurant.app; sourceTree = BUILT_PRODUCTS_DIR; };
		C6DA74A22A4B452D004F62D1 /* AppDelegate.swift */ = {isa = PBXFileReference; lastKnownFileType = sourcecode.swift; path = AppDelegate.swift; sourceTree = "<group>"; };
		C6DA74A42A4B452D004F62D1 /* SceneDelegate.swift */ = {isa = PBXFileReference; lastKnownFileType = sourcecode.swift; path = SceneDelegate.swift; sourceTree = "<group>"; };
		C6DA74A62A4B452D004F62D1 /* HomePageViewController.swift */ = {isa = PBXFileReference; lastKnownFileType = sourcecode.swift; path = HomePageViewController.swift; sourceTree = "<group>"; };
		C6DA74AB2A4B452E004F62D1 /* AppAssets.xcassets */ = {isa = PBXFileReference; lastKnownFileType = folder.assetcatalog; path = AppAssets.xcassets; sourceTree = "<group>"; };
		C6DA74AE2A4B452E004F62D1 /* Base */ = {isa = PBXFileReference; lastKnownFileType = file.storyboard; name = Base; path = Base.lproj/LaunchScreen.storyboard; sourceTree = "<group>"; };
		C6DA74B02A4B452E004F62D1 /* Info.plist */ = {isa = PBXFileReference; lastKnownFileType = text.plist.xml; path = Info.plist; sourceTree = "<group>"; };
		C6DA74B82A4B4712004F62D1 /* TabBarController.swift */ = {isa = PBXFileReference; lastKnownFileType = sourcecode.swift; path = TabBarController.swift; sourceTree = "<group>"; };
		C6DA74BB2A4B47BE004F62D1 /* AppCoordinator.swift */ = {isa = PBXFileReference; lastKnownFileType = sourcecode.swift; path = AppCoordinator.swift; sourceTree = "<group>"; };
		C6DA74BE2A4B47E5004F62D1 /* Coordinator.swift */ = {isa = PBXFileReference; lastKnownFileType = sourcecode.swift; path = Coordinator.swift; sourceTree = "<group>"; };
		C6DA74C32A4B4ABA004F62D1 /* HomePageCoordinator.swift */ = {isa = PBXFileReference; lastKnownFileType = sourcecode.swift; path = HomePageCoordinator.swift; sourceTree = "<group>"; };
		C6DA74C52A4B4AC7004F62D1 /* HomePageViewFactory.swift */ = {isa = PBXFileReference; lastKnownFileType = sourcecode.swift; path = HomePageViewFactory.swift; sourceTree = "<group>"; };
		C6DA74C72A4B5BF8004F62D1 /* HomePageTableViewCell.swift */ = {isa = PBXFileReference; lastKnownFileType = sourcecode.swift; path = HomePageTableViewCell.swift; sourceTree = "<group>"; };
		C6DA74CE2A4B6726004F62D1 /* SFPRODISPLAYMEDIUM.OTF */ = {isa = PBXFileReference; lastKnownFileType = file; path = SFPRODISPLAYMEDIUM.OTF; sourceTree = "<group>"; };
		C6DA74CF2A4B6726004F62D1 /* SFPRODISPLAYREGULAR.OTF */ = {isa = PBXFileReference; lastKnownFileType = file; path = SFPRODISPLAYREGULAR.OTF; sourceTree = "<group>"; };
		C6DA74D12A4B6726004F62D1 /* SFPRODISPLAYBOLD.OTF */ = {isa = PBXFileReference; lastKnownFileType = file; path = SFPRODISPLAYBOLD.OTF; sourceTree = "<group>"; };
		C6DA74E22A4C114B004F62D1 /* SearchPageCoordinator.swift */ = {isa = PBXFileReference; lastKnownFileType = sourcecode.swift; path = SearchPageCoordinator.swift; sourceTree = "<group>"; };
		C6DA74E42A4C1161004F62D1 /* SearchPageViewFactory.swift */ = {isa = PBXFileReference; lastKnownFileType = sourcecode.swift; path = SearchPageViewFactory.swift; sourceTree = "<group>"; };
		C6DA74E62A4C1175004F62D1 /* SearchPageViewController.swift */ = {isa = PBXFileReference; lastKnownFileType = sourcecode.swift; path = SearchPageViewController.swift; sourceTree = "<group>"; };
		C6DA74E92A4C1784004F62D1 /* BagPageCoordinator.swift */ = {isa = PBXFileReference; lastKnownFileType = sourcecode.swift; path = BagPageCoordinator.swift; sourceTree = "<group>"; };
		C6DA74EB2A4C178E004F62D1 /* BagPageViewFactory.swift */ = {isa = PBXFileReference; lastKnownFileType = sourcecode.swift; path = BagPageViewFactory.swift; sourceTree = "<group>"; };
		C6DA74EE2A4C17A1004F62D1 /* BagPageViewController.swift */ = {isa = PBXFileReference; lastKnownFileType = sourcecode.swift; path = BagPageViewController.swift; sourceTree = "<group>"; };
		C6DA74F12A4C1977004F62D1 /* AccountPageCoordinator.swift */ = {isa = PBXFileReference; lastKnownFileType = sourcecode.swift; path = AccountPageCoordinator.swift; sourceTree = "<group>"; };
		C6DA74F32A4C1985004F62D1 /* AccountPageViewFactory.swift */ = {isa = PBXFileReference; lastKnownFileType = sourcecode.swift; path = AccountPageViewFactory.swift; sourceTree = "<group>"; };
		C6DA74F62A4C1994004F62D1 /* AccountPageViewController.swift */ = {isa = PBXFileReference; lastKnownFileType = sourcecode.swift; path = AccountPageViewController.swift; sourceTree = "<group>"; };
		C6DA74F92A4C1BB3004F62D1 /* UIColor + extensions.swift */ = {isa = PBXFileReference; lastKnownFileType = sourcecode.swift; path = "UIColor + extensions.swift"; sourceTree = "<group>"; };
		C6DA74FC2A4C1E91004F62D1 /* NetworkLayer.swift */ = {isa = PBXFileReference; lastKnownFileType = sourcecode.swift; path = NetworkLayer.swift; sourceTree = "<group>"; };
		C6DA74FE2A4C1EA2004F62D1 /* NetworkEndpoints.swift */ = {isa = PBXFileReference; lastKnownFileType = sourcecode.swift; path = NetworkEndpoints.swift; sourceTree = "<group>"; };
		C6DA75002A4C1EB6004F62D1 /* NetworkErrorTypes.swift */ = {isa = PBXFileReference; lastKnownFileType = sourcecode.swift; path = NetworkErrorTypes.swift; sourceTree = "<group>"; };
		C6DA75032A4C23CB004F62D1 /* FoodCategoriesModel.swift */ = {isa = PBXFileReference; lastKnownFileType = sourcecode.swift; path = FoodCategoriesModel.swift; sourceTree = "<group>"; };
		C6DA75052A4C23D3004F62D1 /* DishesModel.swift */ = {isa = PBXFileReference; lastKnownFileType = sourcecode.swift; path = DishesModel.swift; sourceTree = "<group>"; };
		C6DA75082A4C2728004F62D1 /* ServiceFactory.swift */ = {isa = PBXFileReference; lastKnownFileType = sourcecode.swift; path = ServiceFactory.swift; sourceTree = "<group>"; };
		C6DA750A2A4C2A24004F62D1 /* UIViewController + extensions.swift */ = {isa = PBXFileReference; lastKnownFileType = sourcecode.swift; path = "UIViewController + extensions.swift"; sourceTree = "<group>"; };
		C6DA750F2A4C5AC0004F62D1 /* MenuPageViewController.swift */ = {isa = PBXFileReference; lastKnownFileType = sourcecode.swift; path = MenuPageViewController.swift; sourceTree = "<group>"; };
		C6DA75112A4C66E0004F62D1 /* MenuCollectionViewCell.swift */ = {isa = PBXFileReference; lastKnownFileType = sourcecode.swift; path = MenuCollectionViewCell.swift; sourceTree = "<group>"; };
		C6DAD9322A4D930F00B2B4FE /* NavigationBarAssets.xcassets */ = {isa = PBXFileReference; lastKnownFileType = folder.assetcatalog; path = NavigationBarAssets.xcassets; sourceTree = "<group>"; };
		C6DAD9382A56DA5600B2B4FE /* BaseNavigationBar.swift */ = {isa = PBXFileReference; lastKnownFileType = sourcecode.swift; path = BaseNavigationBar.swift; sourceTree = "<group>"; };
		C6FDB67E2A4C7782002EDFA3 /* MenuPageViewFactory.swift */ = {isa = PBXFileReference; lastKnownFileType = sourcecode.swift; path = MenuPageViewFactory.swift; sourceTree = "<group>"; };
		C6FDB6822A4D4C41002EDFA3 /* UIFont + extensions.swift */ = {isa = PBXFileReference; lastKnownFileType = sourcecode.swift; path = "UIFont + extensions.swift"; sourceTree = "<group>"; };
		ED46F07732FB6A8A8C49B236 /* Pods-TestOnlineRestaurant.release.xcconfig */ = {isa = PBXFileReference; includeInIndex = 1; lastKnownFileType = text.xcconfig; name = "Pods-TestOnlineRestaurant.release.xcconfig"; path = "Target Support Files/Pods-TestOnlineRestaurant/Pods-TestOnlineRestaurant.release.xcconfig"; sourceTree = "<group>"; };
/* End PBXFileReference section */

/* Begin PBXFrameworksBuildPhase section */
		C6DA749C2A4B452D004F62D1 /* Frameworks */ = {
			isa = PBXFrameworksBuildPhase;
			buildActionMask = 2147483647;
			files = (
				877329EF8751B2CABE962D2A /* Pods_TestOnlineRestaurant.framework in Frameworks */,
			);
			runOnlyForDeploymentPostprocessing = 0;
		};
/* End PBXFrameworksBuildPhase section */

/* Begin PBXGroup section */
		409A2AFEF75602C95E7CDCA1 /* Frameworks */ = {
			isa = PBXGroup;
			children = (
				4EDC63BEA69C685BDFF0ADA6 /* Pods_TestOnlineRestaurant.framework */,
			);
			name = Frameworks;
			sourceTree = "<group>";
		};
		65BE98970D2D22AE781B5556 /* Pods */ = {
			isa = PBXGroup;
			children = (
				959F60D7543FBFD2407C0674 /* Pods-TestOnlineRestaurant.debug.xcconfig */,
				ED46F07732FB6A8A8C49B236 /* Pods-TestOnlineRestaurant.release.xcconfig */,
			);
			path = Pods;
			sourceTree = "<group>";
		};
		C6274C112A5840460069ADA4 /* Detail Section */ = {
			isa = PBXGroup;
			children = (
				C6274C142A5840980069ADA4 /* DetailPopUpViewFactory.swift */,
				C6274C162A5840A80069ADA4 /* View */,
			);
			path = "Detail Section";
			sourceTree = "<group>";
		};
		C6274C162A5840A80069ADA4 /* View */ = {
			isa = PBXGroup;
			children = (
				C6274C172A5840B40069ADA4 /* PopUpView.swift */,
			);
			path = View;
			sourceTree = "<group>";
		};
		C6274C1C2A5971150069ADA4 /* Cell */ = {
			isa = PBXGroup;
			children = (
				C6274C1D2A59712D0069ADA4 /* BagPageTableViewCell.swift */,
			);
			path = Cell;
			sourceTree = "<group>";
		};
		C6274C212A5AA4FD0069ADA4 /* DataBase */ = {
			isa = PBXGroup;
			children = (
				C6274C272A5AA7EC0069ADA4 /* Model */,
				C6274C302A5AA8770069ADA4 /* DataBaseManager.swift */,
			);
			path = DataBase;
			sourceTree = "<group>";
		};
		C6274C222A5AA58A0069ADA4 /* Assets */ = {
			isa = PBXGroup;
			children = (
				C6DA74AB2A4B452E004F62D1 /* AppAssets.xcassets */,
				C6274C0F2A57DD050069ADA4 /* HomePageAssets.xcassets */,
				C6274C1F2A597DCB0069ADA4 /* BagPageAssets.xcassets */,
				C6DAD9322A4D930F00B2B4FE /* NavigationBarAssets.xcassets */,
				C6274C1A2A587AC90069ADA4 /* DetailPageAssets.xcassets */,
			);
			path = Assets;
			sourceTree = "<group>";
		};
		C6274C232A5AA59C0069ADA4 /* CoreData */ = {
			isa = PBXGroup;
			children = (
				C6274C242A5AA5B30069ADA4 /* OrderModel.xcdatamodeld */,
			);
			path = CoreData;
			sourceTree = "<group>";
		};
		C6274C272A5AA7EC0069ADA4 /* Model */ = {
			isa = PBXGroup;
			children = (
				C6274C2C2A5AA85A0069ADA4 /* OrderModelEntity+CoreDataClass.swift */,
				C6274C2D2A5AA85A0069ADA4 /* OrderModelEntity+CoreDataProperties.swift */,
			);
			path = Model;
			sourceTree = "<group>";
		};
		C6274C322A5AABBC0069ADA4 /* Managers */ = {
			isa = PBXGroup;
			children = (
				C6274C332A5AABE90069ADA4 /* MoveToBagManager.swift */,
			);
			path = Managers;
			sourceTree = "<group>";
		};
		C67BB8AD2A65A6BE00D4D60F /* ViewModel */ = {
			isa = PBXGroup;
			children = (
				C67BB8AE2A65A6D400D4D60F /* HomePageViewModel.swift */,
			);
			path = ViewModel;
			sourceTree = "<group>";
		};
		C67BB8B02A65A6F900D4D60F /* ViewModel */ = {
			isa = PBXGroup;
			children = (
				C67BB8BF2A69283E00D4D60F /* CategoriesViewModel.swift */,
				C67BB8B12A65A71500D4D60F /* MenuViewModel.swift */,
			);
			path = ViewModel;
			sourceTree = "<group>";
		};
		C67BB8B32A65A80000D4D60F /* ViewModel */ = {
			isa = PBXGroup;
			children = (
				C67BB8B42A65A81200D4D60F /* BagPageViewModel.swift */,
			);
			path = ViewModel;
			sourceTree = "<group>";
		};
		C67BB8B82A66EC8900D4D60F /* Model */ = {
			isa = PBXGroup;
			children = (
				C67BB8B92A66ECAD00D4D60F /* CollectionViewSectionType.swift */,
				C67BB8BB2A66EDC200D4D60F /* ListOfCategories.swift */,
			);
			path = Model;
			sourceTree = "<group>";
		};
		C6DA74962A4B452D004F62D1 = {
			isa = PBXGroup;
			children = (
				C6DA74A12A4B452D004F62D1 /* TestOnlineRestaurant */,
				C6DA74A02A4B452D004F62D1 /* Products */,
				65BE98970D2D22AE781B5556 /* Pods */,
				409A2AFEF75602C95E7CDCA1 /* Frameworks */,
			);
			sourceTree = "<group>";
		};
		C6DA74A02A4B452D004F62D1 /* Products */ = {
			isa = PBXGroup;
			children = (
				C6DA749F2A4B452D004F62D1 /* TestOnlineRestaurant.app */,
			);
			name = Products;
			sourceTree = "<group>";
		};
		C6DA74A12A4B452D004F62D1 /* TestOnlineRestaurant */ = {
			isa = PBXGroup;
			children = (
				C6DA74B62A4B46E0004F62D1 /* Application */,
				C6DA74FB2A4C1E6E004F62D1 /* Networking */,
				C6DA75022A4C23B3004F62D1 /* Models */,
				C6DA74BD2A4B47D8004F62D1 /* Core */,
				C6DA75072A4C26EA004F62D1 /* Services */,
				C6274C322A5AABBC0069ADA4 /* Managers */,
				C6274C212A5AA4FD0069ADA4 /* DataBase */,
				C6DA74B72A4B46F4004F62D1 /* Screens */,
				C6DA74F82A4C1B94004F62D1 /* Extensions */,
				C6DA74BA2A4B4762004F62D1 /* Resources */,
				C6DA74B02A4B452E004F62D1 /* Info.plist */,
			);
			path = TestOnlineRestaurant;
			sourceTree = "<group>";
		};
		C6DA74B62A4B46E0004F62D1 /* Application */ = {
			isa = PBXGroup;
			children = (
				C6DA74A22A4B452D004F62D1 /* AppDelegate.swift */,
				C6DA74A42A4B452D004F62D1 /* SceneDelegate.swift */,
			);
			path = Application;
			sourceTree = "<group>";
		};
		C6DA74B72A4B46F4004F62D1 /* Screens */ = {
			isa = PBXGroup;
			children = (
				C6DA74BB2A4B47BE004F62D1 /* AppCoordinator.swift */,
				C6DA74B82A4B4712004F62D1 /* TabBarController.swift */,
				C6DAD93A2A57292300B2B4FE /* Base */,
				C6DA74C02A4B4A6D004F62D1 /* Home Section */,
				C6DA74E02A4C1118004F62D1 /* Search Section */,
				C6DA74E82A4C176E004F62D1 /* Bag Section */,
				C6DA74F02A4C195D004F62D1 /* Account Section */,
				C6DA750C2A4C59BC004F62D1 /* Menu Section */,
				C6274C112A5840460069ADA4 /* Detail Section */,
			);
			path = Screens;
			sourceTree = "<group>";
		};
		C6DA74BA2A4B4762004F62D1 /* Resources */ = {
			isa = PBXGroup;
			children = (
				C6274C222A5AA58A0069ADA4 /* Assets */,
				C6DA74CC2A4B66E8004F62D1 /* Fonts */,
				C6274C232A5AA59C0069ADA4 /* CoreData */,
				C6DA74AD2A4B452E004F62D1 /* LaunchScreen.storyboard */,
			);
			path = Resources;
			sourceTree = "<group>";
		};
		C6DA74BD2A4B47D8004F62D1 /* Core */ = {
			isa = PBXGroup;
			children = (
				C6DA74BE2A4B47E5004F62D1 /* Coordinator.swift */,
			);
			path = Core;
			sourceTree = "<group>";
		};
		C6DA74C02A4B4A6D004F62D1 /* Home Section */ = {
			isa = PBXGroup;
			children = (
				C6DA74C32A4B4ABA004F62D1 /* HomePageCoordinator.swift */,
				C6DA74C52A4B4AC7004F62D1 /* HomePageViewFactory.swift */,
				C67BB8AD2A65A6BE00D4D60F /* ViewModel */,
				C6DA74C12A4B4A91004F62D1 /* View */,
			);
			path = "Home Section";
			sourceTree = "<group>";
		};
		C6DA74C12A4B4A91004F62D1 /* View */ = {
			isa = PBXGroup;
			children = (
				C6DA74C22A4B4AAC004F62D1 /* Cell */,
				C6DA74A62A4B452D004F62D1 /* HomePageViewController.swift */,
			);
			path = View;
			sourceTree = "<group>";
		};
		C6DA74C22A4B4AAC004F62D1 /* Cell */ = {
			isa = PBXGroup;
			children = (
				C6DA74C72A4B5BF8004F62D1 /* HomePageTableViewCell.swift */,
			);
			path = Cell;
			sourceTree = "<group>";
		};
		C6DA74CC2A4B66E8004F62D1 /* Fonts */ = {
			isa = PBXGroup;
			children = (
				C6DA74D12A4B6726004F62D1 /* SFPRODISPLAYBOLD.OTF */,
				C6DA74CE2A4B6726004F62D1 /* SFPRODISPLAYMEDIUM.OTF */,
				C6DA74CF2A4B6726004F62D1 /* SFPRODISPLAYREGULAR.OTF */,
			);
			path = Fonts;
			sourceTree = "<group>";
		};
		C6DA74E02A4C1118004F62D1 /* Search Section */ = {
			isa = PBXGroup;
			children = (
				C6DA74E22A4C114B004F62D1 /* SearchPageCoordinator.swift */,
				C6DA74E42A4C1161004F62D1 /* SearchPageViewFactory.swift */,
				C6DA74E12A4C1136004F62D1 /* View */,
			);
			path = "Search Section";
			sourceTree = "<group>";
		};
		C6DA74E12A4C1136004F62D1 /* View */ = {
			isa = PBXGroup;
			children = (
				C6DA74E62A4C1175004F62D1 /* SearchPageViewController.swift */,
			);
			path = View;
			sourceTree = "<group>";
		};
		C6DA74E82A4C176E004F62D1 /* Bag Section */ = {
			isa = PBXGroup;
			children = (
				C6DA74E92A4C1784004F62D1 /* BagPageCoordinator.swift */,
				C6DA74EB2A4C178E004F62D1 /* BagPageViewFactory.swift */,
				C6DA74ED2A4C1794004F62D1 /* View */,
				C67BB8B32A65A80000D4D60F /* ViewModel */,
			);
			path = "Bag Section";
			sourceTree = "<group>";
		};
		C6DA74ED2A4C1794004F62D1 /* View */ = {
			isa = PBXGroup;
			children = (
				C6274C1C2A5971150069ADA4 /* Cell */,
				C6DA74EE2A4C17A1004F62D1 /* BagPageViewController.swift */,
			);
			path = View;
			sourceTree = "<group>";
		};
		C6DA74F02A4C195D004F62D1 /* Account Section */ = {
			isa = PBXGroup;
			children = (
				C6DA74F12A4C1977004F62D1 /* AccountPageCoordinator.swift */,
				C6DA74F32A4C1985004F62D1 /* AccountPageViewFactory.swift */,
				C6DA74F52A4C1988004F62D1 /* View */,
			);
			path = "Account Section";
			sourceTree = "<group>";
		};
		C6DA74F52A4C1988004F62D1 /* View */ = {
			isa = PBXGroup;
			children = (
				C6DA74F62A4C1994004F62D1 /* AccountPageViewController.swift */,
			);
			path = View;
			sourceTree = "<group>";
		};
		C6DA74F82A4C1B94004F62D1 /* Extensions */ = {
			isa = PBXGroup;
			children = (
				C6DA74F92A4C1BB3004F62D1 /* UIColor + extensions.swift */,
				C6FDB6822A4D4C41002EDFA3 /* UIFont + extensions.swift */,
				C6DA750A2A4C2A24004F62D1 /* UIViewController + extensions.swift */,
				C67BB89B2A63EA5900D4D60F /* UIApplication + extensions.swift */,
				C648000E2A7D5C030085ADFA /* UICollectionView + extensions.swift */,
				C64800102A7D5C190085ADFA /* UITableView + extensions.swift */,
			);
			path = Extensions;
			sourceTree = "<group>";
		};
		C6DA74FB2A4C1E6E004F62D1 /* Networking */ = {
			isa = PBXGroup;
			children = (
				C6DA74FC2A4C1E91004F62D1 /* NetworkLayer.swift */,
				C6DA74FE2A4C1EA2004F62D1 /* NetworkEndpoints.swift */,
				C6DA75002A4C1EB6004F62D1 /* NetworkErrorTypes.swift */,
			);
			path = Networking;
			sourceTree = "<group>";
		};
		C6DA75022A4C23B3004F62D1 /* Models */ = {
			isa = PBXGroup;
			children = (
				C6DA75032A4C23CB004F62D1 /* FoodCategoriesModel.swift */,
				C6DA75052A4C23D3004F62D1 /* DishesModel.swift */,
			);
			path = Models;
			sourceTree = "<group>";
		};
		C6DA75072A4C26EA004F62D1 /* Services */ = {
			isa = PBXGroup;
			children = (
				C6DA75082A4C2728004F62D1 /* ServiceFactory.swift */,
			);
			path = Services;
			sourceTree = "<group>";
		};
		C6DA750C2A4C59BC004F62D1 /* Menu Section */ = {
			isa = PBXGroup;
			children = (
				C6FDB67E2A4C7782002EDFA3 /* MenuPageViewFactory.swift */,
				C67BB8B82A66EC8900D4D60F /* Model */,
				C67BB8B02A65A6F900D4D60F /* ViewModel */,
				C6DA750D2A4C59DC004F62D1 /* View */,
			);
			path = "Menu Section";
			sourceTree = "<group>";
		};
		C6DA750D2A4C59DC004F62D1 /* View */ = {
			isa = PBXGroup;
			children = (
				C6DA750E2A4C59E2004F62D1 /* Cell */,
				C6DA750F2A4C5AC0004F62D1 /* MenuPageViewController.swift */,
			);
			path = View;
			sourceTree = "<group>";
		};
		C6DA750E2A4C59E2004F62D1 /* Cell */ = {
			isa = PBXGroup;
			children = (
				C6DA75112A4C66E0004F62D1 /* MenuCollectionViewCell.swift */,
				C67BB8BD2A67D23600D4D60F /* CategoriesCollectionViewCell.swift */,
			);
			path = Cell;
			sourceTree = "<group>";
		};
		C6DAD93A2A57292300B2B4FE /* Base */ = {
			isa = PBXGroup;
			children = (
				C6DAD9382A56DA5600B2B4FE /* BaseNavigationBar.swift */,
			);
			path = Base;
			sourceTree = "<group>";
		};
/* End PBXGroup section */

/* Begin PBXNativeTarget section */
		C6DA749E2A4B452D004F62D1 /* TestOnlineRestaurant */ = {
			isa = PBXNativeTarget;
			buildConfigurationList = C6DA74B32A4B452E004F62D1 /* Build configuration list for PBXNativeTarget "TestOnlineRestaurant" */;
			buildPhases = (
				D83C7610492478E4D016FFB3 /* [CP] Check Pods Manifest.lock */,
				C6DA749B2A4B452D004F62D1 /* Sources */,
				C6DA749C2A4B452D004F62D1 /* Frameworks */,
				C6DA749D2A4B452D004F62D1 /* Resources */,
				CCF65A65CDCA15F9EBF7CBED /* [CP] Embed Pods Frameworks */,
			);
			buildRules = (
			);
			dependencies = (
			);
			name = TestOnlineRestaurant;
			productName = TestOnlineRestaurant;
			productReference = C6DA749F2A4B452D004F62D1 /* TestOnlineRestaurant.app */;
			productType = "com.apple.product-type.application";
		};
/* End PBXNativeTarget section */

/* Begin PBXProject section */
		C6DA74972A4B452D004F62D1 /* Project object */ = {
			isa = PBXProject;
			attributes = {
				BuildIndependentTargetsInParallel = 1;
				LastSwiftUpdateCheck = 1430;
				LastUpgradeCheck = 1430;
				TargetAttributes = {
					C6DA749E2A4B452D004F62D1 = {
						CreatedOnToolsVersion = 14.3.1;
					};
				};
			};
			buildConfigurationList = C6DA749A2A4B452D004F62D1 /* Build configuration list for PBXProject "TestOnlineRestaurant" */;
			compatibilityVersion = "Xcode 13.0";
			developmentRegion = en;
			hasScannedForEncodings = 0;
			knownRegions = (
				en,
				Base,
			);
			mainGroup = C6DA74962A4B452D004F62D1;
			productRefGroup = C6DA74A02A4B452D004F62D1 /* Products */;
			projectDirPath = "";
			projectRoot = "";
			targets = (
				C6DA749E2A4B452D004F62D1 /* TestOnlineRestaurant */,
			);
		};
/* End PBXProject section */

/* Begin PBXResourcesBuildPhase section */
		C6DA749D2A4B452D004F62D1 /* Resources */ = {
			isa = PBXResourcesBuildPhase;
			buildActionMask = 2147483647;
			files = (
				C6274C1B2A587AC90069ADA4 /* DetailPageAssets.xcassets in Resources */,
				C6DAD9332A4D930F00B2B4FE /* NavigationBarAssets.xcassets in Resources */,
				C6DA74AF2A4B452E004F62D1 /* LaunchScreen.storyboard in Resources */,
				C6274C102A57DD050069ADA4 /* HomePageAssets.xcassets in Resources */,
				C6DA74AC2A4B452E004F62D1 /* AppAssets.xcassets in Resources */,
				C6DA74D72A4B6727004F62D1 /* SFPRODISPLAYMEDIUM.OTF in Resources */,
				C6274C202A597DCB0069ADA4 /* BagPageAssets.xcassets in Resources */,
				C6DA74D82A4B6727004F62D1 /* SFPRODISPLAYREGULAR.OTF in Resources */,
				C6DA74DA2A4B6727004F62D1 /* SFPRODISPLAYBOLD.OTF in Resources */,
			);
			runOnlyForDeploymentPostprocessing = 0;
		};
/* End PBXResourcesBuildPhase section */

/* Begin PBXShellScriptBuildPhase section */
		CCF65A65CDCA15F9EBF7CBED /* [CP] Embed Pods Frameworks */ = {
			isa = PBXShellScriptBuildPhase;
			buildActionMask = 2147483647;
			files = (
			);
			inputFileListPaths = (
				"${PODS_ROOT}/Target Support Files/Pods-TestOnlineRestaurant/Pods-TestOnlineRestaurant-frameworks-${CONFIGURATION}-input-files.xcfilelist",
			);
			name = "[CP] Embed Pods Frameworks";
			outputFileListPaths = (
				"${PODS_ROOT}/Target Support Files/Pods-TestOnlineRestaurant/Pods-TestOnlineRestaurant-frameworks-${CONFIGURATION}-output-files.xcfilelist",
			);
			runOnlyForDeploymentPostprocessing = 0;
			shellPath = /bin/sh;
			shellScript = "\"${PODS_ROOT}/Target Support Files/Pods-TestOnlineRestaurant/Pods-TestOnlineRestaurant-frameworks.sh\"\n";
			showEnvVarsInLog = 0;
		};
		D83C7610492478E4D016FFB3 /* [CP] Check Pods Manifest.lock */ = {
			isa = PBXShellScriptBuildPhase;
			buildActionMask = 2147483647;
			files = (
			);
			inputFileListPaths = (
			);
			inputPaths = (
				"${PODS_PODFILE_DIR_PATH}/Podfile.lock",
				"${PODS_ROOT}/Manifest.lock",
			);
			name = "[CP] Check Pods Manifest.lock";
			outputFileListPaths = (
			);
			outputPaths = (
				"$(DERIVED_FILE_DIR)/Pods-TestOnlineRestaurant-checkManifestLockResult.txt",
			);
			runOnlyForDeploymentPostprocessing = 0;
			shellPath = /bin/sh;
			shellScript = "diff \"${PODS_PODFILE_DIR_PATH}/Podfile.lock\" \"${PODS_ROOT}/Manifest.lock\" > /dev/null\nif [ $? != 0 ] ; then\n    # print error to STDERR\n    echo \"error: The sandbox is not in sync with the Podfile.lock. Run 'pod install' or update your CocoaPods installation.\" >&2\n    exit 1\nfi\n# This output is used by Xcode 'outputs' to avoid re-running this script phase.\necho \"SUCCESS\" > \"${SCRIPT_OUTPUT_FILE_0}\"\n";
			showEnvVarsInLog = 0;
		};
/* End PBXShellScriptBuildPhase section */

/* Begin PBXSourcesBuildPhase section */
		C6DA749B2A4B452D004F62D1 /* Sources */ = {
			isa = PBXSourcesBuildPhase;
			buildActionMask = 2147483647;
			files = (
				C6274C182A5840B40069ADA4 /* PopUpView.swift in Sources */,
				C6DA74F22A4C1977004F62D1 /* AccountPageCoordinator.swift in Sources */,
				C67BB8BA2A66ECAD00D4D60F /* CollectionViewSectionType.swift in Sources */,
				C6DA74A72A4B452D004F62D1 /* HomePageViewController.swift in Sources */,
				C6274C262A5AA5B30069ADA4 /* OrderModel.xcdatamodeld in Sources */,
				C6274C1E2A59712D0069ADA4 /* BagPageTableViewCell.swift in Sources */,
				C67BB8C02A69283E00D4D60F /* CategoriesViewModel.swift in Sources */,
				C6DA74C82A4B5BF8004F62D1 /* HomePageTableViewCell.swift in Sources */,
				C67BB8B22A65A71500D4D60F /* MenuViewModel.swift in Sources */,
				C6DA74C42A4B4ABA004F62D1 /* HomePageCoordinator.swift in Sources */,
				C6274C342A5AABE90069ADA4 /* MoveToBagManager.swift in Sources */,
				C6FDB6832A4D4C41002EDFA3 /* UIFont + extensions.swift in Sources */,
				C6DA74EC2A4C178E004F62D1 /* BagPageViewFactory.swift in Sources */,
				C6DA75012A4C1EB6004F62D1 /* NetworkErrorTypes.swift in Sources */,
				C6DA74FA2A4C1BB3004F62D1 /* UIColor + extensions.swift in Sources */,
				C67BB8BC2A66EDC200D4D60F /* ListOfCategories.swift in Sources */,
				C6DA74F72A4C1994004F62D1 /* AccountPageViewController.swift in Sources */,
				C6DA74B92A4B4712004F62D1 /* TabBarController.swift in Sources */,
				C6DA74E52A4C1161004F62D1 /* SearchPageViewFactory.swift in Sources */,
				C67BB8BE2A67D23600D4D60F /* CategoriesCollectionViewCell.swift in Sources */,
				C6274C2F2A5AA85A0069ADA4 /* OrderModelEntity+CoreDataProperties.swift in Sources */,
				C6DA75122A4C66E0004F62D1 /* MenuCollectionViewCell.swift in Sources */,
				C6DA74BF2A4B47E5004F62D1 /* Coordinator.swift in Sources */,
				C6DA74FD2A4C1E91004F62D1 /* NetworkLayer.swift in Sources */,
				C6DA74BC2A4B47BE004F62D1 /* AppCoordinator.swift in Sources */,
				C6DA74E72A4C1175004F62D1 /* SearchPageViewController.swift in Sources */,
				C6DA75042A4C23CB004F62D1 /* FoodCategoriesModel.swift in Sources */,
				C6274C2E2A5AA85A0069ADA4 /* OrderModelEntity+CoreDataClass.swift in Sources */,
				C6DAD9392A56DA5600B2B4FE /* BaseNavigationBar.swift in Sources */,
				C6274C312A5AA8770069ADA4 /* DataBaseManager.swift in Sources */,
				C6DA74C62A4B4AC7004F62D1 /* HomePageViewFactory.swift in Sources */,
				C6DA75062A4C23D3004F62D1 /* DishesModel.swift in Sources */,
				C6DA75092A4C2728004F62D1 /* ServiceFactory.swift in Sources */,
				C6DA74E32A4C114B004F62D1 /* SearchPageCoordinator.swift in Sources */,
				C6DA74EF2A4C17A1004F62D1 /* BagPageViewController.swift in Sources */,
				C6DA74F42A4C1985004F62D1 /* AccountPageViewFactory.swift in Sources */,
				C67BB8AF2A65A6D400D4D60F /* HomePageViewModel.swift in Sources */,
				C6DA74A32A4B452D004F62D1 /* AppDelegate.swift in Sources */,
				C6FDB67F2A4C7782002EDFA3 /* MenuPageViewFactory.swift in Sources */,
				C6DA74EA2A4C1784004F62D1 /* BagPageCoordinator.swift in Sources */,
				C6DA74A52A4B452D004F62D1 /* SceneDelegate.swift in Sources */,
				C67BB89C2A63EA5900D4D60F /* UIApplication + extensions.swift in Sources */,
				C6274C152A5840980069ADA4 /* DetailPopUpViewFactory.swift in Sources */,
				C6DA74FF2A4C1EA2004F62D1 /* NetworkEndpoints.swift in Sources */,
				C6DA75102A4C5AC0004F62D1 /* MenuPageViewController.swift in Sources */,
				C64800112A7D5C190085ADFA /* UITableView + extensions.swift in Sources */,
				C67BB8B52A65A81200D4D60F /* BagPageViewModel.swift in Sources */,
				C648000F2A7D5C030085ADFA /* UICollectionView + extensions.swift in Sources */,
				C6DA750B2A4C2A24004F62D1 /* UIViewController + extensions.swift in Sources */,
			);
			runOnlyForDeploymentPostprocessing = 0;
		};
/* End PBXSourcesBuildPhase section */

/* Begin PBXVariantGroup section */
		C6DA74AD2A4B452E004F62D1 /* LaunchScreen.storyboard */ = {
			isa = PBXVariantGroup;
			children = (
				C6DA74AE2A4B452E004F62D1 /* Base */,
			);
			name = LaunchScreen.storyboard;
			sourceTree = "<group>";
		};
/* End PBXVariantGroup section */

/* Begin XCBuildConfiguration section */
		C6DA74B12A4B452E004F62D1 /* Debug */ = {
			isa = XCBuildConfiguration;
			buildSettings = {
				ALWAYS_SEARCH_USER_PATHS = NO;
				CLANG_ANALYZER_NONNULL = YES;
				CLANG_ANALYZER_NUMBER_OBJECT_CONVERSION = YES_AGGRESSIVE;
				CLANG_CXX_LANGUAGE_STANDARD = "gnu++20";
				CLANG_ENABLE_MODULES = YES;
				CLANG_ENABLE_OBJC_ARC = YES;
				CLANG_ENABLE_OBJC_WEAK = YES;
				CLANG_WARN_BLOCK_CAPTURE_AUTORELEASING = YES;
				CLANG_WARN_BOOL_CONVERSION = YES;
				CLANG_WARN_COMMA = YES;
				CLANG_WARN_CONSTANT_CONVERSION = YES;
				CLANG_WARN_DEPRECATED_OBJC_IMPLEMENTATIONS = YES;
				CLANG_WARN_DIRECT_OBJC_ISA_USAGE = YES_ERROR;
				CLANG_WARN_DOCUMENTATION_COMMENTS = YES;
				CLANG_WARN_EMPTY_BODY = YES;
				CLANG_WARN_ENUM_CONVERSION = YES;
				CLANG_WARN_INFINITE_RECURSION = YES;
				CLANG_WARN_INT_CONVERSION = YES;
				CLANG_WARN_NON_LITERAL_NULL_CONVERSION = YES;
				CLANG_WARN_OBJC_IMPLICIT_RETAIN_SELF = YES;
				CLANG_WARN_OBJC_LITERAL_CONVERSION = YES;
				CLANG_WARN_OBJC_ROOT_CLASS = YES_ERROR;
				CLANG_WARN_QUOTED_INCLUDE_IN_FRAMEWORK_HEADER = YES;
				CLANG_WARN_RANGE_LOOP_ANALYSIS = YES;
				CLANG_WARN_STRICT_PROTOTYPES = YES;
				CLANG_WARN_SUSPICIOUS_MOVE = YES;
				CLANG_WARN_UNGUARDED_AVAILABILITY = YES_AGGRESSIVE;
				CLANG_WARN_UNREACHABLE_CODE = YES;
				CLANG_WARN__DUPLICATE_METHOD_MATCH = YES;
				COPY_PHASE_STRIP = NO;
				DEBUG_INFORMATION_FORMAT = dwarf;
				ENABLE_STRICT_OBJC_MSGSEND = YES;
				ENABLE_TESTABILITY = YES;
				GCC_C_LANGUAGE_STANDARD = gnu11;
				GCC_DYNAMIC_NO_PIC = NO;
				GCC_NO_COMMON_BLOCKS = YES;
				GCC_OPTIMIZATION_LEVEL = 0;
				GCC_PREPROCESSOR_DEFINITIONS = (
					"DEBUG=1",
					"$(inherited)",
				);
				GCC_WARN_64_TO_32_BIT_CONVERSION = YES;
				GCC_WARN_ABOUT_RETURN_TYPE = YES_ERROR;
				GCC_WARN_UNDECLARED_SELECTOR = YES;
				GCC_WARN_UNINITIALIZED_AUTOS = YES_AGGRESSIVE;
				GCC_WARN_UNUSED_FUNCTION = YES;
				GCC_WARN_UNUSED_VARIABLE = YES;
				IPHONEOS_DEPLOYMENT_TARGET = 16.4;
				MTL_ENABLE_DEBUG_INFO = INCLUDE_SOURCE;
				MTL_FAST_MATH = YES;
				ONLY_ACTIVE_ARCH = YES;
				SDKROOT = iphoneos;
				SWIFT_ACTIVE_COMPILATION_CONDITIONS = DEBUG;
				SWIFT_OPTIMIZATION_LEVEL = "-Onone";
			};
			name = Debug;
		};
		C6DA74B22A4B452E004F62D1 /* Release */ = {
			isa = XCBuildConfiguration;
			buildSettings = {
				ALWAYS_SEARCH_USER_PATHS = NO;
				CLANG_ANALYZER_NONNULL = YES;
				CLANG_ANALYZER_NUMBER_OBJECT_CONVERSION = YES_AGGRESSIVE;
				CLANG_CXX_LANGUAGE_STANDARD = "gnu++20";
				CLANG_ENABLE_MODULES = YES;
				CLANG_ENABLE_OBJC_ARC = YES;
				CLANG_ENABLE_OBJC_WEAK = YES;
				CLANG_WARN_BLOCK_CAPTURE_AUTORELEASING = YES;
				CLANG_WARN_BOOL_CONVERSION = YES;
				CLANG_WARN_COMMA = YES;
				CLANG_WARN_CONSTANT_CONVERSION = YES;
				CLANG_WARN_DEPRECATED_OBJC_IMPLEMENTATIONS = YES;
				CLANG_WARN_DIRECT_OBJC_ISA_USAGE = YES_ERROR;
				CLANG_WARN_DOCUMENTATION_COMMENTS = YES;
				CLANG_WARN_EMPTY_BODY = YES;
				CLANG_WARN_ENUM_CONVERSION = YES;
				CLANG_WARN_INFINITE_RECURSION = YES;
				CLANG_WARN_INT_CONVERSION = YES;
				CLANG_WARN_NON_LITERAL_NULL_CONVERSION = YES;
				CLANG_WARN_OBJC_IMPLICIT_RETAIN_SELF = YES;
				CLANG_WARN_OBJC_LITERAL_CONVERSION = YES;
				CLANG_WARN_OBJC_ROOT_CLASS = YES_ERROR;
				CLANG_WARN_QUOTED_INCLUDE_IN_FRAMEWORK_HEADER = YES;
				CLANG_WARN_RANGE_LOOP_ANALYSIS = YES;
				CLANG_WARN_STRICT_PROTOTYPES = YES;
				CLANG_WARN_SUSPICIOUS_MOVE = YES;
				CLANG_WARN_UNGUARDED_AVAILABILITY = YES_AGGRESSIVE;
				CLANG_WARN_UNREACHABLE_CODE = YES;
				CLANG_WARN__DUPLICATE_METHOD_MATCH = YES;
				COPY_PHASE_STRIP = NO;
				DEBUG_INFORMATION_FORMAT = "dwarf-with-dsym";
				ENABLE_NS_ASSERTIONS = NO;
				ENABLE_STRICT_OBJC_MSGSEND = YES;
				GCC_C_LANGUAGE_STANDARD = gnu11;
				GCC_NO_COMMON_BLOCKS = YES;
				GCC_WARN_64_TO_32_BIT_CONVERSION = YES;
				GCC_WARN_ABOUT_RETURN_TYPE = YES_ERROR;
				GCC_WARN_UNDECLARED_SELECTOR = YES;
				GCC_WARN_UNINITIALIZED_AUTOS = YES_AGGRESSIVE;
				GCC_WARN_UNUSED_FUNCTION = YES;
				GCC_WARN_UNUSED_VARIABLE = YES;
				IPHONEOS_DEPLOYMENT_TARGET = 16.4;
				MTL_ENABLE_DEBUG_INFO = NO;
				MTL_FAST_MATH = YES;
				SDKROOT = iphoneos;
				SWIFT_COMPILATION_MODE = wholemodule;
				SWIFT_OPTIMIZATION_LEVEL = "-O";
				VALIDATE_PRODUCT = YES;
			};
			name = Release;
		};
		C6DA74B42A4B452E004F62D1 /* Debug */ = {
			isa = XCBuildConfiguration;
			baseConfigurationReference = 959F60D7543FBFD2407C0674 /* Pods-TestOnlineRestaurant.debug.xcconfig */;
			buildSettings = {
				ASSETCATALOG_COMPILER_APPICON_NAME = AppIcon;
				ASSETCATALOG_COMPILER_GLOBAL_ACCENT_COLOR_NAME = AccentColor;
				CODE_SIGN_STYLE = Automatic;
				CURRENT_PROJECT_VERSION = 1;
				GENERATE_INFOPLIST_FILE = YES;
				INFOPLIST_FILE = TestOnlineRestaurant/Info.plist;
				INFOPLIST_KEY_UIApplicationSupportsIndirectInputEvents = YES;
				INFOPLIST_KEY_UILaunchStoryboardName = LaunchScreen;
				INFOPLIST_KEY_UISupportedInterfaceOrientations_iPad = "UIInterfaceOrientationPortrait UIInterfaceOrientationPortraitUpsideDown UIInterfaceOrientationLandscapeLeft UIInterfaceOrientationLandscapeRight";
				INFOPLIST_KEY_UISupportedInterfaceOrientations_iPhone = "UIInterfaceOrientationPortrait UIInterfaceOrientationLandscapeLeft UIInterfaceOrientationLandscapeRight";
				LD_RUNPATH_SEARCH_PATHS = (
					"$(inherited)",
					"@executable_path/Frameworks",
				);
				MARKETING_VERSION = 1.0;
				PRODUCT_BUNDLE_IDENTIFIER = com.yakendi.TestOnlineRestaurant;
				PRODUCT_NAME = "$(TARGET_NAME)";
				SWIFT_EMIT_LOC_STRINGS = YES;
				SWIFT_VERSION = 5.0;
				TARGETED_DEVICE_FAMILY = "1,2";
			};
			name = Debug;
		};
		C6DA74B52A4B452E004F62D1 /* Release */ = {
			isa = XCBuildConfiguration;
			baseConfigurationReference = ED46F07732FB6A8A8C49B236 /* Pods-TestOnlineRestaurant.release.xcconfig */;
			buildSettings = {
				ASSETCATALOG_COMPILER_APPICON_NAME = AppIcon;
				ASSETCATALOG_COMPILER_GLOBAL_ACCENT_COLOR_NAME = AccentColor;
				CODE_SIGN_STYLE = Automatic;
				CURRENT_PROJECT_VERSION = 1;
				GENERATE_INFOPLIST_FILE = YES;
				INFOPLIST_FILE = TestOnlineRestaurant/Info.plist;
				INFOPLIST_KEY_UIApplicationSupportsIndirectInputEvents = YES;
				INFOPLIST_KEY_UILaunchStoryboardName = LaunchScreen;
				INFOPLIST_KEY_UISupportedInterfaceOrientations_iPad = "UIInterfaceOrientationPortrait UIInterfaceOrientationPortraitUpsideDown UIInterfaceOrientationLandscapeLeft UIInterfaceOrientationLandscapeRight";
				INFOPLIST_KEY_UISupportedInterfaceOrientations_iPhone = "UIInterfaceOrientationPortrait UIInterfaceOrientationLandscapeLeft UIInterfaceOrientationLandscapeRight";
				LD_RUNPATH_SEARCH_PATHS = (
					"$(inherited)",
					"@executable_path/Frameworks",
				);
				MARKETING_VERSION = 1.0;
				PRODUCT_BUNDLE_IDENTIFIER = com.yakendi.TestOnlineRestaurant;
				PRODUCT_NAME = "$(TARGET_NAME)";
				SWIFT_EMIT_LOC_STRINGS = YES;
				SWIFT_VERSION = 5.0;
				TARGETED_DEVICE_FAMILY = "1,2";
			};
			name = Release;
		};
/* End XCBuildConfiguration section */

/* Begin XCConfigurationList section */
		C6DA749A2A4B452D004F62D1 /* Build configuration list for PBXProject "TestOnlineRestaurant" */ = {
			isa = XCConfigurationList;
			buildConfigurations = (
				C6DA74B12A4B452E004F62D1 /* Debug */,
				C6DA74B22A4B452E004F62D1 /* Release */,
			);
			defaultConfigurationIsVisible = 0;
			defaultConfigurationName = Release;
		};
		C6DA74B32A4B452E004F62D1 /* Build configuration list for PBXNativeTarget "TestOnlineRestaurant" */ = {
			isa = XCConfigurationList;
			buildConfigurations = (
				C6DA74B42A4B452E004F62D1 /* Debug */,
				C6DA74B52A4B452E004F62D1 /* Release */,
			);
			defaultConfigurationIsVisible = 0;
			defaultConfigurationName = Release;
		};
/* End XCConfigurationList section */

/* Begin XCVersionGroup section */
		C6274C242A5AA5B30069ADA4 /* OrderModel.xcdatamodeld */ = {
			isa = XCVersionGroup;
			children = (
				C6274C252A5AA5B30069ADA4 /* OrderModel.xcdatamodel */,
			);
			currentVersion = C6274C252A5AA5B30069ADA4 /* OrderModel.xcdatamodel */;
			path = OrderModel.xcdatamodeld;
			sourceTree = "<group>";
			versionGroupType = wrapper.xcdatamodel;
		};
/* End XCVersionGroup section */
	};
	rootObject = C6DA74972A4B452D004F62D1 /* Project object */;
}
